
Microsoft Visual Studio Solution File, Format Version 12.00
# Visual Studio Version 17
VisualStudioVersion = 17.11.35327.3
MinimumVisualStudioVersion = 10.0.40219.1
Project("{FAE04EC0-301F-11D3-BF4B-00C04F79EFBC}") = "tickets-management-api", "tickets-management-api\tickets-management-api.csproj", "{5012FD7F-F72E-4965-B53B-B8E6117F0F04}"
EndProject
Global
	GlobalSection(SolutionConfigurationPlatforms) = preSolution
		Debug|Any CPU = Debug|Any CPU
		Release|Any CPU = Release|Any CPU
	EndGlobalSection
	GlobalSection(ProjectConfigurationPlatforms) = postSolution
		{5012FD7F-F72E-4965-B53B-B8E6117F0F04}.Debug|Any CPU.ActiveCfg = Debug|Any CPU
		{5012FD7F-F72E-4965-B53B-B8E6117F0F04}.Debug|Any CPU.Build.0 = Debug|Any CPU
		{5012FD7F-F72E-4965-B53B-B8E6117F0F04}.Release|Any CPU.ActiveCfg = Release|Any CPU
		{5012FD7F-F72E-4965-B53B-B8E6117F0F04}.Release|Any CPU.Build.0 = Release|Any CPU
	EndGlobalSection
	GlobalSection(SolutionProperties) = preSolution
		HideSolutionNode = FALSE
	EndGlobalSection
	GlobalSection(ExtensibilityGlobals) = postSolution
		SolutionGuid = {6F01C0E9-46C1-4BFD-A3B4-13A848F31E2B}
	EndGlobalSection
EndGlobal
